// !$*UTF8*$!
{
	archiveVersion = 1;
	classes = {
	};
	objectVersion = 60;
	objects = {

/* Begin PBXBuildFile section */
		87FD2CE72CEF5F5E003200E8 /* ScanditIdCapture.xcframework in Frameworks */ = {isa = PBXBuildFile; fileRef = 87FD2CE52CEF5F21003200E8 /* ScanditIdCapture.xcframework */; };
		87FD2CE82CEF5F5E003200E8 /* ScanditIdCapture.xcframework in Embed Frameworks */ = {isa = PBXBuildFile; fileRef = 87FD2CE52CEF5F21003200E8 /* ScanditIdCapture.xcframework */; settings = {ATTRIBUTES = (CodeSignOnCopy, RemoveHeadersOnCopy, ); }; };
		87FD2CEC2CEF5F9A003200E8 /* ScanditCaptureCore.xcframework in Frameworks */ = {isa = PBXBuildFile; fileRef = 87FD2CEA2CEF5F90003200E8 /* ScanditCaptureCore.xcframework */; };
		87FD2CED2CEF5F9A003200E8 /* ScanditCaptureCore.xcframework in Embed Frameworks */ = {isa = PBXBuildFile; fileRef = 87FD2CEA2CEF5F90003200E8 /* ScanditCaptureCore.xcframework */; settings = {ATTRIBUTES = (CodeSignOnCopy, RemoveHeadersOnCopy, ); }; };
		9C0AC5C12C7887FA00E409E9 /* AppDelegate.swift in Sources */ = {isa = PBXBuildFile; fileRef = 9C0AC5C02C7887FA00E409E9 /* AppDelegate.swift */; };
		9C0AC5C32C7887FA00E409E9 /* SceneDelegate.swift in Sources */ = {isa = PBXBuildFile; fileRef = 9C0AC5C22C7887FA00E409E9 /* SceneDelegate.swift */; };
		9C0AC5C52C7887FA00E409E9 /* ViewController.swift in Sources */ = {isa = PBXBuildFile; fileRef = 9C0AC5C42C7887FA00E409E9 /* ViewController.swift */; };
		9C0AC5C82C7887FA00E409E9 /* Base in Resources */ = {isa = PBXBuildFile; fileRef = 9C0AC5C72C7887FA00E409E9 /* Base */; };
		9C0AC5CA2C7887FC00E409E9 /* Assets.xcassets in Resources */ = {isa = PBXBuildFile; fileRef = 9C0AC5C92C7887FC00E409E9 /* Assets.xcassets */; };
		9C0AC5CD2C7887FC00E409E9 /* Base in Resources */ = {isa = PBXBuildFile; fileRef = 9C0AC5CC2C7887FC00E409E9 /* Base */; };
		9C0AC5D72C7889B900E409E9 /* ScanningViewController.swift in Sources */ = {isa = PBXBuildFile; fileRef = 9C0AC5D62C7889B900E409E9 /* ScanningViewController.swift */; };
		9C0AC5DC2C788F3B00E409E9 /* ResultViewController.xib in Resources */ = {isa = PBXBuildFile; fileRef = 9C0AC5DB2C788F3B00E409E9 /* ResultViewController.xib */; };
		9C0AC5DD2C788F3B00E409E9 /* ResultViewController.swift in Sources */ = {isa = PBXBuildFile; fileRef = 9C0AC5DA2C788F3B00E409E9 /* ResultViewController.swift */; };
/* End PBXBuildFile section */

/* Begin PBXCopyFilesBuildPhase section */
		87FD2CE92CEF5F5E003200E8 /* Embed Frameworks */ = {
			isa = PBXCopyFilesBuildPhase;
			buildActionMask = 2147483647;
			dstPath = "";
			dstSubfolderSpec = 10;
			files = (
				87FD2CED2CEF5F9A003200E8 /* ScanditCaptureCore.xcframework in Embed Frameworks */,
				87FD2CE82CEF5F5E003200E8 /* ScanditIdCapture.xcframework in Embed Frameworks */,
			);
			name = "Embed Frameworks";
			runOnlyForDeploymentPostprocessing = 0;
		};
/* End PBXCopyFilesBuildPhase section */

/* Begin PBXFileReference section */
		87FD2CE52CEF5F21003200E8 /* ScanditIdCapture.xcframework */ = {isa = PBXFileReference; expectedSignature = "AppleDeveloperProgram:79D4J6BB7A:Scandit AG"; lastKnownFileType = wrapper.xcframework; path = ScanditIdCapture.xcframework; sourceTree = "<group>"; };
		87FD2CEA2CEF5F90003200E8 /* ScanditCaptureCore.xcframework */ = {isa = PBXFileReference; expectedSignature = "AppleDeveloperProgram:79D4J6BB7A:Scandit AG"; lastKnownFileType = wrapper.xcframework; path = ScanditCaptureCore.xcframework; sourceTree = "<group>"; };
		9C0AC5BD2C7887FA00E409E9 /* IdCaptureSurveySwift.app */ = {isa = PBXFileReference; explicitFileType = wrapper.application; includeInIndex = 0; path = IdCaptureSurveySwift.app; sourceTree = BUILT_PRODUCTS_DIR; };
		9C0AC5C02C7887FA00E409E9 /* AppDelegate.swift */ = {isa = PBXFileReference; lastKnownFileType = sourcecode.swift; path = AppDelegate.swift; sourceTree = "<group>"; };
		9C0AC5C22C7887FA00E409E9 /* SceneDelegate.swift */ = {isa = PBXFileReference; lastKnownFileType = sourcecode.swift; path = SceneDelegate.swift; sourceTree = "<group>"; };
		9C0AC5C42C7887FA00E409E9 /* ViewController.swift */ = {isa = PBXFileReference; lastKnownFileType = sourcecode.swift; path = ViewController.swift; sourceTree = "<group>"; };
		9C0AC5C72C7887FA00E409E9 /* Base */ = {isa = PBXFileReference; lastKnownFileType = file.storyboard; name = Base; path = Base.lproj/Main.storyboard; sourceTree = "<group>"; };
		9C0AC5C92C7887FC00E409E9 /* Assets.xcassets */ = {isa = PBXFileReference; lastKnownFileType = folder.assetcatalog; path = Assets.xcassets; sourceTree = "<group>"; };
		9C0AC5CC2C7887FC00E409E9 /* Base */ = {isa = PBXFileReference; lastKnownFileType = file.storyboard; name = Base; path = Base.lproj/LaunchScreen.storyboard; sourceTree = "<group>"; };
		9C0AC5CE2C7887FC00E409E9 /* Info.plist */ = {isa = PBXFileReference; lastKnownFileType = text.plist.xml; path = Info.plist; sourceTree = "<group>"; };
		9C0AC5D62C7889B900E409E9 /* ScanningViewController.swift */ = {isa = PBXFileReference; lastKnownFileType = sourcecode.swift; path = ScanningViewController.swift; sourceTree = "<group>"; };
		9C0AC5DA2C788F3B00E409E9 /* ResultViewController.swift */ = {isa = PBXFileReference; lastKnownFileType = sourcecode.swift; path = ResultViewController.swift; sourceTree = "<group>"; };
		9C0AC5DB2C788F3B00E409E9 /* ResultViewController.xib */ = {isa = PBXFileReference; lastKnownFileType = file.xib; path = ResultViewController.xib; sourceTree = "<group>"; };
/* End PBXFileReference section */

/* Begin PBXFrameworksBuildPhase section */
		9C0AC5BA2C7887FA00E409E9 /* Frameworks */ = {
			isa = PBXFrameworksBuildPhase;
			buildActionMask = 2147483647;
			files = (
				87FD2CEC2CEF5F9A003200E8 /* ScanditCaptureCore.xcframework in Frameworks */,
				87FD2CE72CEF5F5E003200E8 /* ScanditIdCapture.xcframework in Frameworks */,
			);
			runOnlyForDeploymentPostprocessing = 0;
		};
/* End PBXFrameworksBuildPhase section */

/* Begin PBXGroup section */
		9C0AC5B42C7887FA00E409E9 = {
			isa = PBXGroup;
			children = (
				9C0AC5BF2C7887FA00E409E9 /* IdCaptureSurveySwift */,
				9C0AC5BE2C7887FA00E409E9 /* Products */,
			);
			sourceTree = "<group>";
		};
		9C0AC5BE2C7887FA00E409E9 /* Products */ = {
			isa = PBXGroup;
			children = (
				9C0AC5BD2C7887FA00E409E9 /* IdCaptureSurveySwift.app */,
			);
			name = Products;
			sourceTree = "<group>";
		};
		9C0AC5BF2C7887FA00E409E9 /* IdCaptureSurveySwift */ = {
			isa = PBXGroup;
			children = (
				9C0AC5C02C7887FA00E409E9 /* AppDelegate.swift */,
				9C0AC5DA2C788F3B00E409E9 /* ResultViewController.swift */,
				9C0AC5D62C7889B900E409E9 /* ScanningViewController.swift */,
				9C0AC5C22C7887FA00E409E9 /* SceneDelegate.swift */,
				9C0AC5C42C7887FA00E409E9 /* ViewController.swift */,
				9C0AC5CB2C7887FC00E409E9 /* LaunchScreen.storyboard */,
				9C0AC5C62C7887FA00E409E9 /* Main.storyboard */,
				9C0AC5DB2C788F3B00E409E9 /* ResultViewController.xib */,
				9C0AC5C92C7887FC00E409E9 /* Assets.xcassets */,
				9C0AC5CE2C7887FC00E409E9 /* Info.plist */,
				87FD2CE52CEF5F21003200E8 /* ScanditIdCapture.xcframework */,
				87FD2CEA2CEF5F90003200E8 /* ScanditCaptureCore.xcframework */,
			);
			path = IdCaptureSurveySwift;
			sourceTree = "<group>";
		};
/* End PBXGroup section */

/* Begin PBXNativeTarget section */
		9C0AC5BC2C7887FA00E409E9 /* IdCaptureSurveySwift */ = {
			isa = PBXNativeTarget;
			buildConfigurationList = 9C0AC5D12C7887FC00E409E9 /* Build configuration list for PBXNativeTarget "IdCaptureSurveySwift" */;
			buildPhases = (
				9C0AC5B92C7887FA00E409E9 /* Sources */,
				9C0AC5BA2C7887FA00E409E9 /* Frameworks */,
				9C0AC5BB2C7887FA00E409E9 /* Resources */,
				87FD2CE92CEF5F5E003200E8 /* Embed Frameworks */,
			);
			buildRules = (
			);
			dependencies = (
			);
			name = IdCaptureSurveySwift;
			productName = IdCaptureSurveySwift;
			productReference = 9C0AC5BD2C7887FA00E409E9 /* IdCaptureSurveySwift.app */;
			productType = "com.apple.product-type.application";
		};
/* End PBXNativeTarget section */

/* Begin PBXProject section */
		9C0AC5B52C7887FA00E409E9 /* Project object */ = {
			isa = PBXProject;
			attributes = {
				BuildIndependentTargetsInParallel = 1;
				LastSwiftUpdateCheck = 1530;
				LastUpgradeCheck = 1530;
				TargetAttributes = {
					9C0AC5BC2C7887FA00E409E9 = {
						CreatedOnToolsVersion = 15.3;
					};
				};
			};
			buildConfigurationList = 9C0AC5B82C7887FA00E409E9 /* Build configuration list for PBXProject "IdCaptureSurveySwift" */;
			compatibilityVersion = "Xcode 14.0";
			developmentRegion = en;
			hasScannedForEncodings = 0;
			knownRegions = (
				en,
				Base,
			);
			mainGroup = 9C0AC5B42C7887FA00E409E9;
			productRefGroup = 9C0AC5BE2C7887FA00E409E9 /* Products */;
			projectDirPath = "";
			projectRoot = "";
			targets = (
				9C0AC5BC2C7887FA00E409E9 /* IdCaptureSurveySwift */,
			);
		};
/* End PBXProject section */

/* Begin PBXResourcesBuildPhase section */
		9C0AC5BB2C7887FA00E409E9 /* Resources */ = {
			isa = PBXResourcesBuildPhase;
			buildActionMask = 2147483647;
			files = (
				9C0AC5CA2C7887FC00E409E9 /* Assets.xcassets in Resources */,
				9C0AC5CD2C7887FC00E409E9 /* Base in Resources */,
				9C0AC5C82C7887FA00E409E9 /* Base in Resources */,
				9C0AC5DC2C788F3B00E409E9 /* ResultViewController.xib in Resources */,
			);
			runOnlyForDeploymentPostprocessing = 0;
		};
/* End PBXResourcesBuildPhase section */

/* Begin PBXSourcesBuildPhase section */
		9C0AC5B92C7887FA00E409E9 /* Sources */ = {
			isa = PBXSourcesBuildPhase;
			buildActionMask = 2147483647;
			files = (
				9C0AC5DD2C788F3B00E409E9 /* ResultViewController.swift in Sources */,
				9C0AC5C52C7887FA00E409E9 /* ViewController.swift in Sources */,
				9C0AC5C12C7887FA00E409E9 /* AppDelegate.swift in Sources */,
				9C0AC5C32C7887FA00E409E9 /* SceneDelegate.swift in Sources */,
				9C0AC5D72C7889B900E409E9 /* ScanningViewController.swift in Sources */,
			);
			runOnlyForDeploymentPostprocessing = 0;
		};
/* End PBXSourcesBuildPhase section */

/* Begin PBXVariantGroup section */
		9C0AC5C62C7887FA00E409E9 /* Main.storyboard */ = {
			isa = PBXVariantGroup;
			children = (
				9C0AC5C72C7887FA00E409E9 /* Base */,
			);
			name = Main.storyboard;
			sourceTree = "<group>";
		};
		9C0AC5CB2C7887FC00E409E9 /* LaunchScreen.storyboard */ = {
			isa = PBXVariantGroup;
			children = (
				9C0AC5CC2C7887FC00E409E9 /* Base */,
			);
			name = LaunchScreen.storyboard;
			sourceTree = "<group>";
		};
/* End PBXVariantGroup section */

/* Begin XCBuildConfiguration section */
		9C0AC5CF2C7887FC00E409E9 /* Debug */ = {
			isa = XCBuildConfiguration;
			buildSettings = {
				ALWAYS_SEARCH_USER_PATHS = NO;
				ASSETCATALOG_COMPILER_GENERATE_SWIFT_ASSET_SYMBOL_EXTENSIONS = YES;
				CLANG_ANALYZER_NONNULL = YES;
				CLANG_ANALYZER_NUMBER_OBJECT_CONVERSION = YES_AGGRESSIVE;
				CLANG_CXX_LANGUAGE_STANDARD = "gnu++20";
				CLANG_ENABLE_MODULES = YES;
				CLANG_ENABLE_OBJC_ARC = YES;
				CLANG_ENABLE_OBJC_WEAK = YES;
				CLANG_WARN_BLOCK_CAPTURE_AUTORELEASING = YES;
				CLANG_WARN_BOOL_CONVERSION = YES;
				CLANG_WARN_COMMA = YES;
				CLANG_WARN_CONSTANT_CONVERSION = YES;
				CLANG_WARN_DEPRECATED_OBJC_IMPLEMENTATIONS = YES;
				CLANG_WARN_DIRECT_OBJC_ISA_USAGE = YES_ERROR;
				CLANG_WARN_DOCUMENTATION_COMMENTS = YES;
				CLANG_WARN_EMPTY_BODY = YES;
				CLANG_WARN_ENUM_CONVERSION = YES;
				CLANG_WARN_INFINITE_RECURSION = YES;
				CLANG_WARN_INT_CONVERSION = YES;
				CLANG_WARN_NON_LITERAL_NULL_CONVERSION = YES;
				CLANG_WARN_OBJC_IMPLICIT_RETAIN_SELF = YES;
				CLANG_WARN_OBJC_LITERAL_CONVERSION = YES;
				CLANG_WARN_OBJC_ROOT_CLASS = YES_ERROR;
				CLANG_WARN_QUOTED_INCLUDE_IN_FRAMEWORK_HEADER = YES;
				CLANG_WARN_RANGE_LOOP_ANALYSIS = YES;
				CLANG_WARN_STRICT_PROTOTYPES = YES;
				CLANG_WARN_SUSPICIOUS_MOVE = YES;
				CLANG_WARN_UNGUARDED_AVAILABILITY = YES_AGGRESSIVE;
				CLANG_WARN_UNREACHABLE_CODE = YES;
				CLANG_WARN__DUPLICATE_METHOD_MATCH = YES;
				COPY_PHASE_STRIP = NO;
				DEBUG_INFORMATION_FORMAT = dwarf;
				ENABLE_STRICT_OBJC_MSGSEND = YES;
				ENABLE_TESTABILITY = YES;
				ENABLE_USER_SCRIPT_SANDBOXING = YES;
				GCC_C_LANGUAGE_STANDARD = gnu17;
				GCC_DYNAMIC_NO_PIC = NO;
				GCC_NO_COMMON_BLOCKS = YES;
				GCC_OPTIMIZATION_LEVEL = 0;
				GCC_PREPROCESSOR_DEFINITIONS = (
					"DEBUG=1",
					"$(inherited)",
				);
				GCC_WARN_64_TO_32_BIT_CONVERSION = YES;
				GCC_WARN_ABOUT_RETURN_TYPE = YES_ERROR;
				GCC_WARN_UNDECLARED_SELECTOR = YES;
				GCC_WARN_UNINITIALIZED_AUTOS = YES_AGGRESSIVE;
				GCC_WARN_UNUSED_FUNCTION = YES;
				GCC_WARN_UNUSED_VARIABLE = YES;
				IPHONEOS_DEPLOYMENT_TARGET = 17.4;
				LOCALIZATION_PREFERS_STRING_CATALOGS = YES;
				MTL_ENABLE_DEBUG_INFO = INCLUDE_SOURCE;
				MTL_FAST_MATH = YES;
				ONLY_ACTIVE_ARCH = YES;
				SDKROOT = iphoneos;
				SWIFT_ACTIVE_COMPILATION_CONDITIONS = "DEBUG $(inherited)";
				SWIFT_OPTIMIZATION_LEVEL = "-Onone";
			};
			name = Debug;
		};
		9C0AC5D02C7887FC00E409E9 /* Release */ = {
			isa = XCBuildConfiguration;
			buildSettings = {
				ALWAYS_SEARCH_USER_PATHS = NO;
				ASSETCATALOG_COMPILER_GENERATE_SWIFT_ASSET_SYMBOL_EXTENSIONS = YES;
				CLANG_ANALYZER_NONNULL = YES;
				CLANG_ANALYZER_NUMBER_OBJECT_CONVERSION = YES_AGGRESSIVE;
				CLANG_CXX_LANGUAGE_STANDARD = "gnu++20";
				CLANG_ENABLE_MODULES = YES;
				CLANG_ENABLE_OBJC_ARC = YES;
				CLANG_ENABLE_OBJC_WEAK = YES;
				CLANG_WARN_BLOCK_CAPTURE_AUTORELEASING = YES;
				CLANG_WARN_BOOL_CONVERSION = YES;
				CLANG_WARN_COMMA = YES;
				CLANG_WARN_CONSTANT_CONVERSION = YES;
				CLANG_WARN_DEPRECATED_OBJC_IMPLEMENTATIONS = YES;
				CLANG_WARN_DIRECT_OBJC_ISA_USAGE = YES_ERROR;
				CLANG_WARN_DOCUMENTATION_COMMENTS = YES;
				CLANG_WARN_EMPTY_BODY = YES;
				CLANG_WARN_ENUM_CONVERSION = YES;
				CLANG_WARN_INFINITE_RECURSION = YES;
				CLANG_WARN_INT_CONVERSION = YES;
				CLANG_WARN_NON_LITERAL_NULL_CONVERSION = YES;
				CLANG_WARN_OBJC_IMPLICIT_RETAIN_SELF = YES;
				CLANG_WARN_OBJC_LITERAL_CONVERSION = YES;
				CLANG_WARN_OBJC_ROOT_CLASS = YES_ERROR;
				CLANG_WARN_QUOTED_INCLUDE_IN_FRAMEWORK_HEADER = YES;
				CLANG_WARN_RANGE_LOOP_ANALYSIS = YES;
				CLANG_WARN_STRICT_PROTOTYPES = YES;
				CLANG_WARN_SUSPICIOUS_MOVE = YES;
				CLANG_WARN_UNGUARDED_AVAILABILITY = YES_AGGRESSIVE;
				CLANG_WARN_UNREACHABLE_CODE = YES;
				CLANG_WARN__DUPLICATE_METHOD_MATCH = YES;
				COPY_PHASE_STRIP = NO;
				DEBUG_INFORMATION_FORMAT = "dwarf-with-dsym";
				ENABLE_NS_ASSERTIONS = NO;
				ENABLE_STRICT_OBJC_MSGSEND = YES;
				ENABLE_USER_SCRIPT_SANDBOXING = YES;
				GCC_C_LANGUAGE_STANDARD = gnu17;
				GCC_NO_COMMON_BLOCKS = YES;
				GCC_WARN_64_TO_32_BIT_CONVERSION = YES;
				GCC_WARN_ABOUT_RETURN_TYPE = YES_ERROR;
				GCC_WARN_UNDECLARED_SELECTOR = YES;
				GCC_WARN_UNINITIALIZED_AUTOS = YES_AGGRESSIVE;
				GCC_WARN_UNUSED_FUNCTION = YES;
				GCC_WARN_UNUSED_VARIABLE = YES;
				IPHONEOS_DEPLOYMENT_TARGET = 17.4;
				LOCALIZATION_PREFERS_STRING_CATALOGS = YES;
				MTL_ENABLE_DEBUG_INFO = NO;
				MTL_FAST_MATH = YES;
				SDKROOT = iphoneos;
				SWIFT_COMPILATION_MODE = wholemodule;
				VALIDATE_PRODUCT = YES;
			};
			name = Release;
		};
		9C0AC5D22C7887FC00E409E9 /* Debug */ = {
			isa = XCBuildConfiguration;
			buildSettings = {
				ASSETCATALOG_COMPILER_APPICON_NAME = AppIcon;
				ASSETCATALOG_COMPILER_GLOBAL_ACCENT_COLOR_NAME = AccentColor;
				CODE_SIGN_STYLE = Automatic;
				CURRENT_PROJECT_VERSION = 1;
				DEVELOPMENT_TEAM = RY36RG43V3;
				GENERATE_INFOPLIST_FILE = YES;
				INFOPLIST_FILE = IdCaptureSurveySwift/Info.plist;
				INFOPLIST_KEY_UIApplicationSupportsIndirectInputEvents = YES;
				INFOPLIST_KEY_UILaunchStoryboardName = LaunchScreen;
				INFOPLIST_KEY_UIMainStoryboardFile = Main;
				INFOPLIST_KEY_UISupportedInterfaceOrientations_iPad = "UIInterfaceOrientationPortrait UIInterfaceOrientationPortraitUpsideDown UIInterfaceOrientationLandscapeLeft UIInterfaceOrientationLandscapeRight";
				INFOPLIST_KEY_UISupportedInterfaceOrientations_iPhone = "UIInterfaceOrientationPortrait UIInterfaceOrientationLandscapeLeft UIInterfaceOrientationLandscapeRight";
				LD_RUNPATH_SEARCH_PATHS = (
					"$(inherited)",
					"@executable_path/Frameworks",
				);
				MARKETING_VERSION = 1.0;
				PRODUCT_BUNDLE_IDENTIFIER = com.scandit.sdc.idcapture.survey.swift.IdCaptureSurveySwift;
				PRODUCT_NAME = "$(TARGET_NAME)";
				SWIFT_EMIT_LOC_STRINGS = YES;
				SWIFT_VERSION = 5.0;
				TARGETED_DEVICE_FAMILY = "1,2";
			};
			name = Debug;
		};
		9C0AC5D32C7887FC00E409E9 /* Release */ = {
			isa = XCBuildConfiguration;
			buildSettings = {
				ASSETCATALOG_COMPILER_APPICON_NAME = AppIcon;
				ASSETCATALOG_COMPILER_GLOBAL_ACCENT_COLOR_NAME = AccentColor;
				CODE_SIGN_STYLE = Automatic;
				CURRENT_PROJECT_VERSION = 1;
				DEVELOPMENT_TEAM = RY36RG43V3;
				GENERATE_INFOPLIST_FILE = YES;
				INFOPLIST_FILE = IdCaptureSurveySwift/Info.plist;
				INFOPLIST_KEY_UIApplicationSupportsIndirectInputEvents = YES;
				INFOPLIST_KEY_UILaunchStoryboardName = LaunchScreen;
				INFOPLIST_KEY_UIMainStoryboardFile = Main;
				INFOPLIST_KEY_UISupportedInterfaceOrientations_iPad = "UIInterfaceOrientationPortrait UIInterfaceOrientationPortraitUpsideDown UIInterfaceOrientationLandscapeLeft UIInterfaceOrientationLandscapeRight";
				INFOPLIST_KEY_UISupportedInterfaceOrientations_iPhone = "UIInterfaceOrientationPortrait UIInterfaceOrientationLandscapeLeft UIInterfaceOrientationLandscapeRight";
				LD_RUNPATH_SEARCH_PATHS = (
					"$(inherited)",
					"@executable_path/Frameworks",
				);
				MARKETING_VERSION = 1.0;
				PRODUCT_BUNDLE_IDENTIFIER = com.scandit.sdc.idcapture.survey.swift.IdCaptureSurveySwift;
				PRODUCT_NAME = "$(TARGET_NAME)";
				SWIFT_EMIT_LOC_STRINGS = YES;
				SWIFT_VERSION = 5.0;
				TARGETED_DEVICE_FAMILY = "1,2";
			};
			name = Release;
		};
/* End XCBuildConfiguration section */

/* Begin XCConfigurationList section */
		9C0AC5B82C7887FA00E409E9 /* Build configuration list for PBXProject "IdCaptureSurveySwift" */ = {
			isa = XCConfigurationList;
			buildConfigurations = (
				9C0AC5CF2C7887FC00E409E9 /* Debug */,
				9C0AC5D02C7887FC00E409E9 /* Release */,
			);
			defaultConfigurationIsVisible = 0;
			defaultConfigurationName = Release;
		};
		9C0AC5D12C7887FC00E409E9 /* Build configuration list for PBXNativeTarget "IdCaptureSurveySwift" */ = {
			isa = XCConfigurationList;
			buildConfigurations = (
				9C0AC5D22C7887FC00E409E9 /* Debug */,
				9C0AC5D32C7887FC00E409E9 /* Release */,
			);
			defaultConfigurationIsVisible = 0;
			defaultConfigurationName = Release;
		};
/* End XCConfigurationList section */
	};
	rootObject = 9C0AC5B52C7887FA00E409E9 /* Project object */;
}
